
Microsoft Visual Studio Solution File, Format Version 12.00
# Visual Studio Version 16
VisualStudioVersion = 16.0.29613.14
MinimumVisualStudioVersion = 10.0.40219.1
Project("{FAE04EC0-301F-11D3-BF4B-00C04F79EFBC}") = "TopOptDMS2019", "TopOpt\TopOptDMS2019.csproj", "{78C47C6E-66D0-46D3-88C1-DC79D2BD81FE}"
EndProject
Global
	GlobalSection(SolutionConfigurationPlatforms) = preSolution
		Debug|Any CPU = Debug|Any CPU
		Release|Any CPU = Release|Any CPU
	EndGlobalSection
	GlobalSection(ProjectConfigurationPlatforms) = postSolution
		{78C47C6E-66D0-46D3-88C1-DC79D2BD81FE}.Debug|Any CPU.ActiveCfg = Debug|Any CPU
		{78C47C6E-66D0-46D3-88C1-DC79D2BD81FE}.Debug|Any CPU.Build.0 = Debug|Any CPU
		{78C47C6E-66D0-46D3-88C1-DC79D2BD81FE}.Release|Any CPU.ActiveCfg = Release|Any CPU
		{78C47C6E-66D0-46D3-88C1-DC79D2BD81FE}.Release|Any CPU.Build.0 = Release|Any CPU
	EndGlobalSection
	GlobalSection(SolutionProperties) = preSolution
		HideSolutionNode = FALSE
	EndGlobalSection
	GlobalSection(ExtensibilityGlobals) = postSolution
		SolutionGuid = {48601201-EEDD-4DB0-A3CD-C3E1944EA483}
	EndGlobalSection
EndGlobal
